
Microsoft Visual Studio Solution File, Format Version 12.00
# Visual Studio Version 17
VisualStudioVersion = 17.6.33815.320
MinimumVisualStudioVersion = 10.0.40219.1
Project("{FAE04EC0-301F-11D3-BF4B-00C04F79EFBC}") = "WorkingWithCultures", "WorkingWithCultures.csproj", "{BDB67855-B964-4734-84BE-A33AB58BD6BA}"
EndProject
Global
	GlobalSection(SolutionConfigurationPlatforms) = preSolution
		Debug|Any CPU = Debug|Any CPU
		Release|Any CPU = Release|Any CPU
	EndGlobalSection
	GlobalSection(ProjectConfigurationPlatforms) = postSolution
		{BDB67855-B964-4734-84BE-A33AB58BD6BA}.Debug|Any CPU.ActiveCfg = Debug|Any CPU
		{BDB67855-B964-4734-84BE-A33AB58BD6BA}.Debug|Any CPU.Build.0 = Debug|Any CPU
		{BDB67855-B964-4734-84BE-A33AB58BD6BA}.Release|Any CPU.ActiveCfg = Release|Any CPU
		{BDB67855-B964-4734-84BE-A33AB58BD6BA}.Release|Any CPU.Build.0 = Release|Any CPU
	EndGlobalSection
	GlobalSection(SolutionProperties) = preSolution
		HideSolutionNode = FALSE
	EndGlobalSection
	GlobalSection(ExtensibilityGlobals) = postSolution
		SolutionGuid = {30FCEF60-4C3F-4A03-99BB-162397750D59}
	EndGlobalSection
EndGlobal
